# THIS IS AN AUTOGENERATED FILE. DO NOT EDIT THIS FILE DIRECTLY.
# yarn lockfile v1


"@types/lodash@^4.14.170":
  version "4.14.170"
  resolved "https://registry.yarnpkg.com/@types/lodash/-/lodash-4.14.170.tgz#0d67711d4bf7f4ca5147e9091b847479b87925d6"
  integrity sha512-bpcvu/MKHHeYX+qeEN8GE7DIravODWdACVA1ctevD8CN24RhPZIKMn9ntfAsrvLfSX3cR5RrBKAbYm9bGs0A+Q==

"@types/screeps@^3.2.2":
  version "3.2.2"
  resolved "https://registry.yarnpkg.com/@types/screeps/-/screeps-3.2.2.tgz#d7a4cccac98e063f37dd16c546be229bfc849536"
  integrity sha512-oI3zKXVL1HDkZ/x0xUhjD9CfAXmQPe/1kNkyKg5Wtd092/N5E5fYbNSH+Hgd5v6LEizYCLo+4drozp82j4Z9zw==

esbuild@^0.12.1:
  version "0.12.1"
  resolved "https://registry.yarnpkg.com/esbuild/-/esbuild-0.12.1.tgz#f652d5b3b9432dbb42fc2c034ddd62360296e03d"
  integrity sha512-WfQ00MKm/Y4ysz1u9PCUAsV66k5lbrcEvS6aG9jhBIavpB94FBdaWeBkaZXxCZB4w+oqh+j4ozJFWnnFprOXbg==

lodash@^4.17.21:
  version "4.17.21"
  resolved "https://registry.yarnpkg.com/lodash/-/lodash-4.17.21.tgz#679591c564c3bffaae8454cf0b3df370c3d6911c"
  integrity sha512-v2kDEe57lecTulaDIuNTPy3Ry4gLGJ6Z1O3vE1krgXZNrsQ+LFTGHVxVjcXPs17LhbZVGedAJv8XZ1tvj5FvSg==

tslib@^2.2.0:
  version "2.2.0"
  resolved "https://registry.yarnpkg.com/tslib/-/tslib-2.2.0.tgz#fb2c475977e35e241311ede2693cee1ec6698f5c"
  integrity sha512-gS9GVHRU+RGn5KQM2rllAlR3dU6m7AcpJKdtH8gFvQiC4Otgk98XnmMU+nZenHt/+VhnBPWwgrJsyrdcw6i23w==
